// !$*UTF8*$!
{
	archiveVersion = 1;
	classes = {
	};
	objectVersion = 46;
	objects = {

/* Begin PBXBuildFile section */
		EC03AEE71A918EF400C38CF5 /* AppDelegate.swift in Sources */ = {isa = PBXBuildFile; fileRef = EC03AEE61A918EF400C38CF5 /* AppDelegate.swift */; };
		EC03AEE91A918EF400C38CF5 /* ViewController.swift in Sources */ = {isa = PBXBuildFile; fileRef = EC03AEE81A918EF400C38CF5 /* ViewController.swift */; };
		EC03AEEC1A918EF400C38CF5 /* Main.storyboard in Resources */ = {isa = PBXBuildFile; fileRef = EC03AEEA1A918EF400C38CF5 /* Main.storyboard */; };
		EC03AEEE1A918EF400C38CF5 /* Images.xcassets in Resources */ = {isa = PBXBuildFile; fileRef = EC03AEED1A918EF400C38CF5 /* Images.xcassets */; };
		EC03AEF11A918EF400C38CF5 /* LaunchScreen.xib in Resources */ = {isa = PBXBuildFile; fileRef = EC03AEEF1A918EF400C38CF5 /* LaunchScreen.xib */; };
		EC03AEFD1A918EF400C38CF5 /* MidtermTests.swift in Sources */ = {isa = PBXBuildFile; fileRef = EC03AEFC1A918EF400C38CF5 /* MidtermTests.swift */; };
/* End PBXBuildFile section */

/* Begin PBXContainerItemProxy section */
		EC03AEF71A918EF400C38CF5 /* PBXContainerItemProxy */ = {
			isa = PBXContainerItemProxy;
			containerPortal = EC03AED91A918EF400C38CF5 /* Project object */;
			proxyType = 1;
			remoteGlobalIDString = EC03AEE01A918EF400C38CF5;
			remoteInfo = Midterm;
		};
/* End PBXContainerItemProxy section */

/* Begin PBXFileReference section */
		EC03AEE11A918EF400C38CF5 /* Midterm.app */ = {isa = PBXFileReference; explicitFileType = wrapper.application; includeInIndex = 0; path = Midterm.app; sourceTree = BUILT_PRODUCTS_DIR; };
		EC03AEE51A918EF400C38CF5 /* Info.plist */ = {isa = PBXFileReference; lastKnownFileType = text.plist.xml; path = Info.plist; sourceTree = "<group>"; };
		EC03AEE61A918EF400C38CF5 /* AppDelegate.swift */ = {isa = PBXFileReference; lastKnownFileType = sourcecode.swift; path = AppDelegate.swift; sourceTree = "<group>"; };
		EC03AEE81A918EF400C38CF5 /* ViewController.swift */ = {isa = PBXFileReference; lastKnownFileType = sourcecode.swift; path = ViewController.swift; sourceTree = "<group>"; };
		EC03AEEB1A918EF400C38CF5 /* Base */ = {isa = PBXFileReference; lastKnownFileType = file.storyboard; name = Base; path = Base.lproj/Main.storyboard; sourceTree = "<group>"; };
		EC03AEED1A918EF400C38CF5 /* Images.xcassets */ = {isa = PBXFileReference; lastKnownFileType = folder.assetcatalog; path = Images.xcassets; sourceTree = "<group>"; };
		EC03AEF01A918EF400C38CF5 /* Base */ = {isa = PBXFileReference; lastKnownFileType = file.xib; name = Base; path = Base.lproj/LaunchScreen.xib; sourceTree = "<group>"; };
		EC03AEF61A918EF400C38CF5 /* MidtermTests.xctest */ = {isa = PBXFileReference; explicitFileType = wrapper.cfbundle; includeInIndex = 0; path = MidtermTests.xctest; sourceTree = BUILT_PRODUCTS_DIR; };
		EC03AEFB1A918EF400C38CF5 /* Info.plist */ = {isa = PBXFileReference; lastKnownFileType = text.plist.xml; path = Info.plist; sourceTree = "<group>"; };
		EC03AEFC1A918EF400C38CF5 /* MidtermTests.swift */ = {isa = PBXFileReference; lastKnownFileType = sourcecode.swift; path = MidtermTests.swift; sourceTree = "<group>"; };
/* End PBXFileReference section */

/* Begin PBXFrameworksBuildPhase section */
		EC03AEDE1A918EF400C38CF5 /* Frameworks */ = {
			isa = PBXFrameworksBuildPhase;
			buildActionMask = 2147483647;
			files = (
			);
			runOnlyForDeploymentPostprocessing = 0;
		};
		EC03AEF31A918EF400C38CF5 /* Frameworks */ = {
			isa = PBXFrameworksBuildPhase;
			buildActionMask = 2147483647;
			files = (
			);
			runOnlyForDeploymentPostprocessing = 0;
		};
/* End PBXFrameworksBuildPhase section */

/* Begin PBXGroup section */
		EC03AED81A918EF400C38CF5 = {
			isa = PBXGroup;
			children = (
				EC03AEE31A918EF400C38CF5 /* Midterm */,
				EC03AEF91A918EF400C38CF5 /* MidtermTests */,
				EC03AEE21A918EF400C38CF5 /* Products */,
			);
			sourceTree = "<group>";
		};
		EC03AEE21A918EF400C38CF5 /* Products */ = {
			isa = PBXGroup;
			children = (
				EC03AEE11A918EF400C38CF5 /* Midterm.app */,
				EC03AEF61A918EF400C38CF5 /* MidtermTests.xctest */,
			);
			name = Products;
			sourceTree = "<group>";
		};
		EC03AEE31A918EF400C38CF5 /* Midterm */ = {
			isa = PBXGroup;
			children = (
				EC03AEE61A918EF400C38CF5 /* AppDelegate.swift */,
				EC03AEE81A918EF400C38CF5 /* ViewController.swift */,
				EC03AEEA1A918EF400C38CF5 /* Main.storyboard */,
				EC03AEED1A918EF400C38CF5 /* Images.xcassets */,
				EC03AEEF1A918EF400C38CF5 /* LaunchScreen.xib */,
				EC03AEE41A918EF400C38CF5 /* Supporting Files */,
			);
			path = Midterm;
			sourceTree = "<group>";
		};
		EC03AEE41A918EF400C38CF5 /* Supporting Files */ = {
			isa = PBXGroup;
			children = (
				EC03AEE51A918EF400C38CF5 /* Info.plist */,
			);
			name = "Supporting Files";
			sourceTree = "<group>";
		};
		EC03AEF91A918EF400C38CF5 /* MidtermTests */ = {
			isa = PBXGroup;
			children = (
				EC03AEFC1A918EF400C38CF5 /* MidtermTests.swift */,
				EC03AEFA1A918EF400C38CF5 /* Supporting Files */,
			);
			path = MidtermTests;
			sourceTree = "<group>";
		};
		EC03AEFA1A918EF400C38CF5 /* Supporting Files */ = {
			isa = PBXGroup;
			children = (
				EC03AEFB1A918EF400C38CF5 /* Info.plist */,
			);
			name = "Supporting Files";
			sourceTree = "<group>";
		};
/* End PBXGroup section */

/* Begin PBXNativeTarget section */
		EC03AEE01A918EF400C38CF5 /* Midterm */ = {
			isa = PBXNativeTarget;
			buildConfigurationList = EC03AF001A918EF400C38CF5 /* Build configuration list for PBXNativeTarget "Midterm" */;
			buildPhases = (
				EC03AEDD1A918EF400C38CF5 /* Sources */,
				EC03AEDE1A918EF400C38CF5 /* Frameworks */,
				EC03AEDF1A918EF400C38CF5 /* Resources */,
			);
			buildRules = (
			);
			dependencies = (
			);
			name = Midterm;
			productName = Midterm;
			productReference = EC03AEE11A918EF400C38CF5 /* Midterm.app */;
			productType = "com.apple.product-type.application";
		};
		EC03AEF51A918EF400C38CF5 /* MidtermTests */ = {
			isa = PBXNativeTarget;
			buildConfigurationList = EC03AF031A918EF400C38CF5 /* Build configuration list for PBXNativeTarget "MidtermTests" */;
			buildPhases = (
				EC03AEF21A918EF400C38CF5 /* Sources */,
				EC03AEF31A918EF400C38CF5 /* Frameworks */,
				EC03AEF41A918EF400C38CF5 /* Resources */,
			);
			buildRules = (
			);
			dependencies = (
				EC03AEF81A918EF400C38CF5 /* PBXTargetDependency */,
			);
			name = MidtermTests;
			productName = MidtermTests;
			productReference = EC03AEF61A918EF400C38CF5 /* MidtermTests.xctest */;
			productType = "com.apple.product-type.bundle.unit-test";
		};
/* End PBXNativeTarget section */

/* Begin PBXProject section */
		EC03AED91A918EF400C38CF5 /* Project object */ = {
			isa = PBXProject;
			attributes = {
				LastUpgradeCheck = 0610;
				ORGANIZATIONNAME = "Justin Chee";
				TargetAttributes = {
					EC03AEE01A918EF400C38CF5 = {
						CreatedOnToolsVersion = 6.1.1;
					};
					EC03AEF51A918EF400C38CF5 = {
						CreatedOnToolsVersion = 6.1.1;
						TestTargetID = EC03AEE01A918EF400C38CF5;
					};
				};
			};
			buildConfigurationList = EC03AEDC1A918EF400C38CF5 /* Build configuration list for PBXProject "Midterm" */;
			compatibilityVersion = "Xcode 3.2";
			developmentRegion = English;
			hasScannedForEncodings = 0;
			knownRegions = (
				en,
				Base,
			);
			mainGroup = EC03AED81A918EF400C38CF5;
			productRefGroup = EC03AEE21A918EF400C38CF5 /* Products */;
			projectDirPath = "";
			projectRoot = "";
			targets = (
				EC03AEE01A918EF400C38CF5 /* Midterm */,
				EC03AEF51A918EF400C38CF5 /* MidtermTests */,
			);
		};
/* End PBXProject section */

/* Begin PBXResourcesBuildPhase section */
		EC03AEDF1A918EF400C38CF5 /* Resources */ = {
			isa = PBXResourcesBuildPhase;
			buildActionMask = 2147483647;
			files = (
				EC03AEEC1A918EF400C38CF5 /* Main.storyboard in Resources */,
				EC03AEF11A918EF400C38CF5 /* LaunchScreen.xib in Resources */,
				EC03AEEE1A918EF400C38CF5 /* Images.xcassets in Resources */,
			);
			runOnlyForDeploymentPostprocessing = 0;
		};
		EC03AEF41A918EF400C38CF5 /* Resources */ = {
			isa = PBXResourcesBuildPhase;
			buildActionMask = 2147483647;
			files = (
			);
			runOnlyForDeploymentPostprocessing = 0;
		};
/* End PBXResourcesBuildPhase section */

/* Begin PBXSourcesBuildPhase section */
		EC03AEDD1A918EF400C38CF5 /* Sources */ = {
			isa = PBXSourcesBuildPhase;
			buildActionMask = 2147483647;
			files = (
				EC03AEE91A918EF400C38CF5 /* ViewController.swift in Sources */,
				EC03AEE71A918EF400C38CF5 /* AppDelegate.swift in Sources */,
			);
			runOnlyForDeploymentPostprocessing = 0;
		};
		EC03AEF21A918EF400C38CF5 /* Sources */ = {
			isa = PBXSourcesBuildPhase;
			buildActionMask = 2147483647;
			files = (
				EC03AEFD1A918EF400C38CF5 /* MidtermTests.swift in Sources */,
			);
			runOnlyForDeploymentPostprocessing = 0;
		};
/* End PBXSourcesBuildPhase section */

/* Begin PBXTargetDependency section */
		EC03AEF81A918EF400C38CF5 /* PBXTargetDependency */ = {
			isa = PBXTargetDependency;
			target = EC03AEE01A918EF400C38CF5 /* Midterm */;
			targetProxy = EC03AEF71A918EF400C38CF5 /* PBXContainerItemProxy */;
		};
/* End PBXTargetDependency section */

/* Begin PBXVariantGroup section */
		EC03AEEA1A918EF400C38CF5 /* Main.storyboard */ = {
			isa = PBXVariantGroup;
			children = (
				EC03AEEB1A918EF400C38CF5 /* Base */,
			);
			name = Main.storyboard;
			sourceTree = "<group>";
		};
		EC03AEEF1A918EF400C38CF5 /* LaunchScreen.xib */ = {
			isa = PBXVariantGroup;
			children = (
				EC03AEF01A918EF400C38CF5 /* Base */,
			);
			name = LaunchScreen.xib;
			sourceTree = "<group>";
		};
/* End PBXVariantGroup section */

/* Begin XCBuildConfiguration section */
		EC03AEFE1A918EF400C38CF5 /* Debug */ = {
			isa = XCBuildConfiguration;
			buildSettings = {
				ALWAYS_SEARCH_USER_PATHS = NO;
				CLANG_CXX_LANGUAGE_STANDARD = "gnu++0x";
				CLANG_CXX_LIBRARY = "libc++";
				CLANG_ENABLE_MODULES = YES;
				CLANG_ENABLE_OBJC_ARC = YES;
				CLANG_WARN_BOOL_CONVERSION = YES;
				CLANG_WARN_CONSTANT_CONVERSION = YES;
				CLANG_WARN_DIRECT_OBJC_ISA_USAGE = YES_ERROR;
				CLANG_WARN_EMPTY_BODY = YES;
				CLANG_WARN_ENUM_CONVERSION = YES;
				CLANG_WARN_INT_CONVERSION = YES;
				CLANG_WARN_OBJC_ROOT_CLASS = YES_ERROR;
				CLANG_WARN_UNREACHABLE_CODE = YES;
				CLANG_WARN__DUPLICATE_METHOD_MATCH = YES;
				"CODE_SIGN_IDENTITY[sdk=iphoneos*]" = "iPhone Developer";
				COPY_PHASE_STRIP = NO;
				ENABLE_STRICT_OBJC_MSGSEND = YES;
				GCC_C_LANGUAGE_STANDARD = gnu99;
				GCC_DYNAMIC_NO_PIC = NO;
				GCC_OPTIMIZATION_LEVEL = 0;
				GCC_PREPROCESSOR_DEFINITIONS = (
					"DEBUG=1",
					"$(inherited)",
				);
				GCC_SYMBOLS_PRIVATE_EXTERN = NO;
				GCC_WARN_64_TO_32_BIT_CONVERSION = YES;
				GCC_WARN_ABOUT_RETURN_TYPE = YES_ERROR;
				GCC_WARN_UNDECLARED_SELECTOR = YES;
				GCC_WARN_UNINITIALIZED_AUTOS = YES_AGGRESSIVE;
				GCC_WARN_UNUSED_FUNCTION = YES;
				GCC_WARN_UNUSED_VARIABLE = YES;
				IPHONEOS_DEPLOYMENT_TARGET = 8.1;
				MTL_ENABLE_DEBUG_INFO = YES;
				ONLY_ACTIVE_ARCH = YES;
				SDKROOT = iphoneos;
				SWIFT_OPTIMIZATION_LEVEL = "-Onone";
				TARGETED_DEVICE_FAMILY = "1,2";
			};
			name = Debug;
		};
		EC03AEFF1A918EF400C38CF5 /* Release */ = {
			isa = XCBuildConfiguration;
			buildSettings = {
				ALWAYS_SEARCH_USER_PATHS = NO;
				CLANG_CXX_LANGUAGE_STANDARD = "gnu++0x";
				CLANG_CXX_LIBRARY = "libc++";
				CLANG_ENABLE_MODULES = YES;
				CLANG_ENABLE_OBJC_ARC = YES;
				CLANG_WARN_BOOL_CONVERSION = YES;
				CLANG_WARN_CONSTANT_CONVERSION = YES;
				CLANG_WARN_DIRECT_OBJC_ISA_USAGE = YES_ERROR;
				CLANG_WARN_EMPTY_BODY = YES;
				CLANG_WARN_ENUM_CONVERSION = YES;
				CLANG_WARN_INT_CONVERSION = YES;
				CLANG_WARN_OBJC_ROOT_CLASS = YES_ERROR;
				CLANG_WARN_UNREACHABLE_CODE = YES;
				CLANG_WARN__DUPLICATE_METHOD_MATCH = YES;
				"CODE_SIGN_IDENTITY[sdk=iphoneos*]" = "iPhone Developer";
				COPY_PHASE_STRIP = YES;
				ENABLE_NS_ASSERTIONS = NO;
				ENABLE_STRICT_OBJC_MSGSEND = YES;
				GCC_C_LANGUAGE_STANDARD = gnu99;
				GCC_WARN_64_TO_32_BIT_CONVERSION = YES;
				GCC_WARN_ABOUT_RETURN_TYPE = YES_ERROR;
				GCC_WARN_UNDECLARED_SELECTOR = YES;
				GCC_WARN_UNINITIALIZED_AUTOS = YES_AGGRESSIVE;
				GCC_WARN_UNUSED_FUNCTION = YES;
				GCC_WARN_UNUSED_VARIABLE = YES;
				IPHONEOS_DEPLOYMENT_TARGET = 8.1;
				MTL_ENABLE_DEBUG_INFO = NO;
				SDKROOT = iphoneos;
				TARGETED_DEVICE_FAMILY = "1,2";
				VALIDATE_PRODUCT = YES;
			};
			name = Release;
		};
		EC03AF011A918EF400C38CF5 /* Debug */ = {
			isa = XCBuildConfiguration;
			buildSettings = {
				ASSETCATALOG_COMPILER_APPICON_NAME = AppIcon;
				INFOPLIST_FILE = Midterm/Info.plist;
				LD_RUNPATH_SEARCH_PATHS = "$(inherited) @executable_path/Frameworks";
				PRODUCT_NAME = "$(TARGET_NAME)";
			};
			name = Debug;
		};
		EC03AF021A918EF400C38CF5 /* Release */ = {
			isa = XCBuildConfiguration;
			buildSettings = {
				ASSETCATALOG_COMPILER_APPICON_NAME = AppIcon;
				INFOPLIST_FILE = Midterm/Info.plist;
				LD_RUNPATH_SEARCH_PATHS = "$(inherited) @executable_path/Frameworks";
				PRODUCT_NAME = "$(TARGET_NAME)";
			};
			name = Release;
		};
		EC03AF041A918EF400C38CF5 /* Debug */ = {
			isa = XCBuildConfiguration;
			buildSettings = {
				BUNDLE_LOADER = "$(TEST_HOST)";
				FRAMEWORK_SEARCH_PATHS = (
					"$(SDKROOT)/Developer/Library/Frameworks",
					"$(inherited)",
				);
				GCC_PREPROCESSOR_DEFINITIONS = (
					"DEBUG=1",
					"$(inherited)",
				);
				INFOPLIST_FILE = MidtermTests/Info.plist;
				LD_RUNPATH_SEARCH_PATHS = "$(inherited) @executable_path/Frameworks @loader_path/Frameworks";
				PRODUCT_NAME = "$(TARGET_NAME)";
				TEST_HOST = "$(BUILT_PRODUCTS_DIR)/Midterm.app/Midterm";
			};
			name = Debug;
		};
		EC03AF051A918EF400C38CF5 /* Release */ = {
			isa = XCBuildConfiguration;
			buildSettings = {
				BUNDLE_LOADER = "$(TEST_HOST)";
				FRAMEWORK_SEARCH_PATHS = (
					"$(SDKROOT)/Developer/Library/Frameworks",
					"$(inherited)",
				);
				INFOPLIST_FILE = MidtermTests/Info.plist;
				LD_RUNPATH_SEARCH_PATHS = "$(inherited) @executable_path/Frameworks @loader_path/Frameworks";
				PRODUCT_NAME = "$(TARGET_NAME)";
				TEST_HOST = "$(BUILT_PRODUCTS_DIR)/Midterm.app/Midterm";
			};
			name = Release;
		};
/* End XCBuildConfiguration section */

/* Begin XCConfigurationList section */
		EC03AEDC1A918EF400C38CF5 /* Build configuration list for PBXProject "Midterm" */ = {
			isa = XCConfigurationList;
			buildConfigurations = (
				EC03AEFE1A918EF400C38CF5 /* Debug */,
				EC03AEFF1A918EF400C38CF5 /* Release */,
			);
			defaultConfigurationIsVisible = 0;
			defaultConfigurationName = Release;
		};
		EC03AF001A918EF400C38CF5 /* Build configuration list for PBXNativeTarget "Midterm" */ = {
			isa = XCConfigurationList;
			buildConfigurations = (
				EC03AF011A918EF400C38CF5 /* Debug */,
				EC03AF021A918EF400C38CF5 /* Release */,
			);
			defaultConfigurationIsVisible = 0;
		};
		EC03AF031A918EF400C38CF5 /* Build configuration list for PBXNativeTarget "MidtermTests" */ = {
			isa = XCConfigurationList;
			buildConfigurations = (
				EC03AF041A918EF400C38CF5 /* Debug */,
				EC03AF051A918EF400C38CF5 /* Release */,
			);
			defaultConfigurationIsVisible = 0;
		};
/* End XCConfigurationList section */
	};
	rootObject = EC03AED91A918EF400C38CF5 /* Project object */;
}
